
Microsoft Visual Studio Solution File, Format Version 12.00
# Visual Studio Version 17
VisualStudioVersion = 17.5.33424.131
MinimumVisualStudioVersion = 10.0.40219.1
Project("{8BC9CEB8-8B4A-11D0-8D11-00A0C91BC942}") = "Project2", "Project2\Project2.vcxproj", "{CD7A8349-BBAE-4773-9DF5-56DE1D37B929}"
EndProject
Global
	GlobalSection(SolutionConfigurationPlatforms) = preSolution
		Debug|x64 = Debug|x64
		Debug|x86 = Debug|x86
		Release|x64 = Release|x64
		Release|x86 = Release|x86
	EndGlobalSection
	GlobalSection(ProjectConfigurationPlatforms) = postSolution
		{CD7A8349-BBAE-4773-9DF5-56DE1D37B929}.Debug|x64.ActiveCfg = Debug|x64
		{CD7A8349-BBAE-4773-9DF5-56DE1D37B929}.Debug|x64.Build.0 = Debug|x64
		{CD7A8349-BBAE-4773-9DF5-56DE1D37B929}.Debug|x86.ActiveCfg = Debug|Win32
		{CD7A8349-BBAE-4773-9DF5-56DE1D37B929}.Debug|x86.Build.0 = Debug|Win32
		{CD7A8349-BBAE-4773-9DF5-56DE1D37B929}.Release|x64.ActiveCfg = Release|x64
		{CD7A8349-BBAE-4773-9DF5-56DE1D37B929}.Release|x64.Build.0 = Release|x64
		{CD7A8349-BBAE-4773-9DF5-56DE1D37B929}.Release|x86.ActiveCfg = Release|Win32
		{CD7A8349-BBAE-4773-9DF5-56DE1D37B929}.Release|x86.Build.0 = Release|Win32
	EndGlobalSection
	GlobalSection(SolutionProperties) = preSolution
		HideSolutionNode = FALSE
	EndGlobalSection
	GlobalSection(ExtensibilityGlobals) = postSolution
		SolutionGuid = {2517B3C8-E354-4CA5-A6F8-BCA4AA9642AA}
	EndGlobalSection
EndGlobal
